# This file is automatically @generated by Cargo.
# It is not intended for manual editing.
version = 3

[[package]]
name = "block-sys"
version = "0.2.0"
source = "registry+https://github.com/rust-lang/crates.io-index"
checksum = "2dd7cf50912cddc06dc5ea7c08c5e81c1b2c842a70d19def1848d54c586fed92"
dependencies = [
 "objc-sys",
]

[[package]]
name = "block2"
version = "0.3.0"
source = "registry+https://github.com/rust-lang/crates.io-index"
checksum = "15b55663a85f33501257357e6421bb33e769d5c9ffb5ba0921c975a123e35e68"
dependencies = [
 "block-sys",
 "objc2",
]

[[package]]
name = "embed_plist"
version = "1.2.2"
source = "registry+https://github.com/rust-lang/crates.io-index"
checksum = "4ef6b89e5b37196644d8796de5268852ff179b44e96276cf4290264843743bb7"

[[package]]
name = "icrate"
version = "0.0.4"
source = "registry+https://github.com/rust-lang/crates.io-index"
checksum = "99d3aaff8a54577104bafdf686ff18565c3b6903ca5782a2026ef06e2c7aa319"
dependencies = [
 "block2",
 "objc2",
]

[[package]]
name = "objc-sys"
version = "0.3.2"
source = "registry+https://github.com/rust-lang/crates.io-index"
checksum = "c7c71324e4180d0899963fc83d9d241ac39e699609fc1025a850aadac8257459"

[[package]]
name = "objc2"
version = "0.4.1"
source = "registry+https://github.com/rust-lang/crates.io-index"
checksum = "559c5a40fdd30eb5e344fbceacf7595a81e242529fb4e21cf5f43fb4f11ff98d"
dependencies = [
 "objc-sys",
 "objc2-encode",
]

[[package]]
name = "objc2-encode"
version = "3.0.0"
source = "registry+https://github.com/rust-lang/crates.io-index"
checksum = "d079845b37af429bfe5dfa76e6d087d788031045b25cfc6fd898486fd9847666"

[[package]]
name = "phone"
version = "0.1.0"
dependencies = [
 "embed_plist",
 "icrate",
]
